
Microsoft Visual Studio Solution File, Format Version 12.00
# Visual Studio 15
VisualStudioVersion = 15.0.27703.2026
MinimumVisualStudioVersion = 10.0.40219.1
Project("{FAE04EC0-301F-11D3-BF4B-00C04F79EFBC}") = "Baza", "Baza\Baza.csproj", "{8E330C4A-FAF7-4459-B429-A4DFEC64EAAF}"
EndProject
Global
	GlobalSection(SolutionConfigurationPlatforms) = preSolution
		Debug|Any CPU = Debug|Any CPU
		Release|Any CPU = Release|Any CPU
	EndGlobalSection
	GlobalSection(ProjectConfigurationPlatforms) = postSolution
		{8E330C4A-FAF7-4459-B429-A4DFEC64EAAF}.Debug|Any CPU.ActiveCfg = Debug|Any CPU
		{8E330C4A-FAF7-4459-B429-A4DFEC64EAAF}.Debug|Any CPU.Build.0 = Debug|Any CPU
		{8E330C4A-FAF7-4459-B429-A4DFEC64EAAF}.Release|Any CPU.ActiveCfg = Release|Any CPU
		{8E330C4A-FAF7-4459-B429-A4DFEC64EAAF}.Release|Any CPU.Build.0 = Release|Any CPU
	EndGlobalSection
	GlobalSection(SolutionProperties) = preSolution
		HideSolutionNode = FALSE
	EndGlobalSection
	GlobalSection(ExtensibilityGlobals) = postSolution
		SolutionGuid = {6B77855F-8E39-42E7-A037-1A8A2044FE33}
	EndGlobalSection
EndGlobal
